// !$*UTF8*$!
{
	archiveVersion = 1;
	classes = {
	};
	objectVersion = 56;
	objects = {

/* Begin PBXBuildFile section */
		137AC1892A3BE3B900B1E611 /* pocketFinance_App.swift in Sources */ = {isa = PBXBuildFile; fileRef = 137AC1882A3BE3B900B1E611 /* pocketFinance_App.swift */; };
		137AC18B2A3BE3B900B1E611 /* ContentView.swift in Sources */ = {isa = PBXBuildFile; fileRef = 137AC18A2A3BE3B900B1E611 /* ContentView.swift */; };
		137AC18D2A3BE3BA00B1E611 /* Assets.xcassets in Resources */ = {isa = PBXBuildFile; fileRef = 137AC18C2A3BE3BA00B1E611 /* Assets.xcassets */; };
		137AC1902A3BE3BA00B1E611 /* Preview Assets.xcassets in Resources */ = {isa = PBXBuildFile; fileRef = 137AC18F2A3BE3BA00B1E611 /* Preview Assets.xcassets */; };
		137AC1972A3BE3EB00B1E611 /* openingView.swift in Sources */ = {isa = PBXBuildFile; fileRef = 137AC1962A3BE3EB00B1E611 /* openingView.swift */; };
		137AC1992A3BE3F600B1E611 /* secondView.swift in Sources */ = {isa = PBXBuildFile; fileRef = 137AC1982A3BE3F600B1E611 /* secondView.swift */; };
		137AC19B2A3BE4A400B1E611 /* finLiteracyView.swift in Sources */ = {isa = PBXBuildFile; fileRef = 137AC19A2A3BE4A400B1E611 /* finLiteracyView.swift */; };
		137AC19D2A3BE4C600B1E611 /* dailyQuizView.swift in Sources */ = {isa = PBXBuildFile; fileRef = 137AC19C2A3BE4C600B1E611 /* dailyQuizView.swift */; };
		137AC19F2A3BE4D200B1E611 /* creditVsDebitView.swift in Sources */ = {isa = PBXBuildFile; fileRef = 137AC19E2A3BE4D200B1E611 /* creditVsDebitView.swift */; };
		137AC1A12A3BE4DF00B1E611 /* financeBasics101View.swift in Sources */ = {isa = PBXBuildFile; fileRef = 137AC1A02A3BE4DF00B1E611 /* financeBasics101View.swift */; };
		137AC1A32A3C015000B1E611 /* firstJobView.swift in Sources */ = {isa = PBXBuildFile; fileRef = 137AC1A22A3C015000B1E611 /* firstJobView.swift */; };
		137AC1A52A3C0B7D00B1E611 /* loansView.swift in Sources */ = {isa = PBXBuildFile; fileRef = 137AC1A42A3C0B7D00B1E611 /* loansView.swift */; };
		137AC1A72A3C11CE00B1E611 /* subscriptionsView.swift in Sources */ = {isa = PBXBuildFile; fileRef = 137AC1A62A3C11CE00B1E611 /* subscriptionsView.swift */; };
		137AC1A92A3C11F100B1E611 /* Persistence.swift in Sources */ = {isa = PBXBuildFile; fileRef = 137AC1A82A3C11F100B1E611 /* Persistence.swift */; };
		137AC1AB2A3C126200B1E611 /* food.swift in Sources */ = {isa = PBXBuildFile; fileRef = 137AC1AA2A3C126200B1E611 /* food.swift */; };
		137AC1AD2A3C126E00B1E611 /* entertainment.swift in Sources */ = {isa = PBXBuildFile; fileRef = 137AC1AC2A3C126E00B1E611 /* entertainment.swift */; };
		137AC1AF2A3C127400B1E611 /* clothes.swift in Sources */ = {isa = PBXBuildFile; fileRef = 137AC1AE2A3C127400B1E611 /* clothes.swift */; };
		137AC1B12A3C127A00B1E611 /* travel.swift in Sources */ = {isa = PBXBuildFile; fileRef = 137AC1B02A3C127A00B1E611 /* travel.swift */; };
		137AC1B42A3C140C00B1E611 /* pocketFinance..xcdatamodeld in Sources */ = {isa = PBXBuildFile; fileRef = 137AC1B22A3C140C00B1E611 /* pocketFinance..xcdatamodeld */; };
		13A6C0EC2A3CABDD002A0B0C /* budgetView.swift in Sources */ = {isa = PBXBuildFile; fileRef = 13A6C0EB2A3CABDD002A0B0C /* budgetView.swift */; };
/* End PBXBuildFile section */

/* Begin PBXFileReference section */
		137AC1852A3BE3B900B1E611 /* pocketFinance..app */ = {isa = PBXFileReference; explicitFileType = wrapper.application; includeInIndex = 0; path = pocketFinance..app; sourceTree = BUILT_PRODUCTS_DIR; };
		137AC1882A3BE3B900B1E611 /* pocketFinance_App.swift */ = {isa = PBXFileReference; lastKnownFileType = sourcecode.swift; path = pocketFinance_App.swift; sourceTree = "<group>"; };
		137AC18A2A3BE3B900B1E611 /* ContentView.swift */ = {isa = PBXFileReference; lastKnownFileType = sourcecode.swift; path = ContentView.swift; sourceTree = "<group>"; };
		137AC18C2A3BE3BA00B1E611 /* Assets.xcassets */ = {isa = PBXFileReference; lastKnownFileType = folder.assetcatalog; path = Assets.xcassets; sourceTree = "<group>"; };
		137AC18F2A3BE3BA00B1E611 /* Preview Assets.xcassets */ = {isa = PBXFileReference; lastKnownFileType = folder.assetcatalog; path = "Preview Assets.xcassets"; sourceTree = "<group>"; };
		137AC1962A3BE3EB00B1E611 /* openingView.swift */ = {isa = PBXFileReference; lastKnownFileType = sourcecode.swift; path = openingView.swift; sourceTree = "<group>"; };
		137AC1982A3BE3F600B1E611 /* secondView.swift */ = {isa = PBXFileReference; lastKnownFileType = sourcecode.swift; path = secondView.swift; sourceTree = "<group>"; };
		137AC19A2A3BE4A400B1E611 /* finLiteracyView.swift */ = {isa = PBXFileReference; lastKnownFileType = sourcecode.swift; path = finLiteracyView.swift; sourceTree = "<group>"; };
		137AC19C2A3BE4C600B1E611 /* dailyQuizView.swift */ = {isa = PBXFileReference; lastKnownFileType = sourcecode.swift; path = dailyQuizView.swift; sourceTree = "<group>"; };
		137AC19E2A3BE4D200B1E611 /* creditVsDebitView.swift */ = {isa = PBXFileReference; lastKnownFileType = sourcecode.swift; path = creditVsDebitView.swift; sourceTree = "<group>"; };
		137AC1A02A3BE4DF00B1E611 /* financeBasics101View.swift */ = {isa = PBXFileReference; lastKnownFileType = sourcecode.swift; path = financeBasics101View.swift; sourceTree = "<group>"; };
		137AC1A22A3C015000B1E611 /* firstJobView.swift */ = {isa = PBXFileReference; lastKnownFileType = sourcecode.swift; path = firstJobView.swift; sourceTree = "<group>"; };
		137AC1A42A3C0B7D00B1E611 /* loansView.swift */ = {isa = PBXFileReference; lastKnownFileType = sourcecode.swift; path = loansView.swift; sourceTree = "<group>"; };
		137AC1A62A3C11CE00B1E611 /* subscriptionsView.swift */ = {isa = PBXFileReference; lastKnownFileType = sourcecode.swift; path = subscriptionsView.swift; sourceTree = "<group>"; };
		137AC1A82A3C11F100B1E611 /* Persistence.swift */ = {isa = PBXFileReference; lastKnownFileType = sourcecode.swift; path = Persistence.swift; sourceTree = "<group>"; };
		137AC1AA2A3C126200B1E611 /* food.swift */ = {isa = PBXFileReference; lastKnownFileType = sourcecode.swift; path = food.swift; sourceTree = "<group>"; };
		137AC1AC2A3C126E00B1E611 /* entertainment.swift */ = {isa = PBXFileReference; lastKnownFileType = sourcecode.swift; path = entertainment.swift; sourceTree = "<group>"; };
		137AC1AE2A3C127400B1E611 /* clothes.swift */ = {isa = PBXFileReference; lastKnownFileType = sourcecode.swift; path = clothes.swift; sourceTree = "<group>"; };
		137AC1B02A3C127A00B1E611 /* travel.swift */ = {isa = PBXFileReference; lastKnownFileType = sourcecode.swift; path = travel.swift; sourceTree = "<group>"; };
		137AC1B32A3C140C00B1E611 /* pocketFinance..xcdatamodel */ = {isa = PBXFileReference; lastKnownFileType = wrapper.xcdatamodel; path = pocketFinance..xcdatamodel; sourceTree = "<group>"; };
		13A6C0EB2A3CABDD002A0B0C /* budgetView.swift */ = {isa = PBXFileReference; lastKnownFileType = sourcecode.swift; path = budgetView.swift; sourceTree = "<group>"; };
/* End PBXFileReference section */

/* Begin PBXFrameworksBuildPhase section */
		137AC1822A3BE3B900B1E611 /* Frameworks */ = {
			isa = PBXFrameworksBuildPhase;
			buildActionMask = 2147483647;
			files = (
			);
			runOnlyForDeploymentPostprocessing = 0;
		};
/* End PBXFrameworksBuildPhase section */

/* Begin PBXGroup section */
		137AC17C2A3BE3B900B1E611 = {
			isa = PBXGroup;
			children = (
				137AC1872A3BE3B900B1E611 /* pocketFinance. */,
				137AC1862A3BE3B900B1E611 /* Products */,
			);
			sourceTree = "<group>";
		};
		137AC1862A3BE3B900B1E611 /* Products */ = {
			isa = PBXGroup;
			children = (
				137AC1852A3BE3B900B1E611 /* pocketFinance..app */,
			);
			name = Products;
			sourceTree = "<group>";
		};
		137AC1872A3BE3B900B1E611 /* pocketFinance. */ = {
			isa = PBXGroup;
			children = (
				137AC1882A3BE3B900B1E611 /* pocketFinance_App.swift */,
				137AC19A2A3BE4A400B1E611 /* finLiteracyView.swift */,
				137AC1A22A3C015000B1E611 /* firstJobView.swift */,
				137AC1A42A3C0B7D00B1E611 /* loansView.swift */,
				137AC1A62A3C11CE00B1E611 /* subscriptionsView.swift */,
				137AC1AA2A3C126200B1E611 /* food.swift */,
				137AC1AC2A3C126E00B1E611 /* entertainment.swift */,
				137AC1AE2A3C127400B1E611 /* clothes.swift */,
				137AC1B02A3C127A00B1E611 /* travel.swift */,
				137AC1A82A3C11F100B1E611 /* Persistence.swift */,
				13A6C0EB2A3CABDD002A0B0C /* budgetView.swift */,
				137AC19C2A3BE4C600B1E611 /* dailyQuizView.swift */,
				137AC19E2A3BE4D200B1E611 /* creditVsDebitView.swift */,
				137AC1A02A3BE4DF00B1E611 /* financeBasics101View.swift */,
				137AC18A2A3BE3B900B1E611 /* ContentView.swift */,
				137AC1962A3BE3EB00B1E611 /* openingView.swift */,
				137AC1982A3BE3F600B1E611 /* secondView.swift */,
				137AC18C2A3BE3BA00B1E611 /* Assets.xcassets */,
				137AC18E2A3BE3BA00B1E611 /* Preview Content */,
				137AC1B22A3C140C00B1E611 /* pocketFinance..xcdatamodeld */,
			);
			path = pocketFinance.;
			sourceTree = "<group>";
		};
		137AC18E2A3BE3BA00B1E611 /* Preview Content */ = {
			isa = PBXGroup;
			children = (
				137AC18F2A3BE3BA00B1E611 /* Preview Assets.xcassets */,
			);
			path = "Preview Content";
			sourceTree = "<group>";
		};
/* End PBXGroup section */

/* Begin PBXNativeTarget section */
		137AC1842A3BE3B900B1E611 /* pocketFinance. */ = {
			isa = PBXNativeTarget;
			buildConfigurationList = 137AC1932A3BE3BA00B1E611 /* Build configuration list for PBXNativeTarget "pocketFinance." */;
			buildPhases = (
				137AC1812A3BE3B900B1E611 /* Sources */,
				137AC1822A3BE3B900B1E611 /* Frameworks */,
				137AC1832A3BE3B900B1E611 /* Resources */,
			);
			buildRules = (
			);
			dependencies = (
			);
			name = pocketFinance.;
			productName = pocketFinance.;
			productReference = 137AC1852A3BE3B900B1E611 /* pocketFinance..app */;
			productType = "com.apple.product-type.application";
		};
/* End PBXNativeTarget section */

/* Begin PBXProject section */
		137AC17D2A3BE3B900B1E611 /* Project object */ = {
			isa = PBXProject;
			attributes = {
				BuildIndependentTargetsInParallel = 1;
				LastSwiftUpdateCheck = 1430;
				LastUpgradeCheck = 1430;
				TargetAttributes = {
					137AC1842A3BE3B900B1E611 = {
						CreatedOnToolsVersion = 14.3.1;
					};
				};
			};
			buildConfigurationList = 137AC1802A3BE3B900B1E611 /* Build configuration list for PBXProject "pocketFinance." */;
			compatibilityVersion = "Xcode 14.0";
			developmentRegion = en;
			hasScannedForEncodings = 0;
			knownRegions = (
				en,
				Base,
			);
			mainGroup = 137AC17C2A3BE3B900B1E611;
			productRefGroup = 137AC1862A3BE3B900B1E611 /* Products */;
			projectDirPath = "";
			projectRoot = "";
			targets = (
				137AC1842A3BE3B900B1E611 /* pocketFinance. */,
			);
		};
/* End PBXProject section */

/* Begin PBXResourcesBuildPhase section */
		137AC1832A3BE3B900B1E611 /* Resources */ = {
			isa = PBXResourcesBuildPhase;
			buildActionMask = 2147483647;
			files = (
				137AC1902A3BE3BA00B1E611 /* Preview Assets.xcassets in Resources */,
				137AC18D2A3BE3BA00B1E611 /* Assets.xcassets in Resources */,
			);
			runOnlyForDeploymentPostprocessing = 0;
		};
/* End PBXResourcesBuildPhase section */

/* Begin PBXSourcesBuildPhase section */
		137AC1812A3BE3B900B1E611 /* Sources */ = {
			isa = PBXSourcesBuildPhase;
			buildActionMask = 2147483647;
			files = (
				137AC1A52A3C0B7D00B1E611 /* loansView.swift in Sources */,
				137AC19B2A3BE4A400B1E611 /* finLiteracyView.swift in Sources */,
				137AC1B42A3C140C00B1E611 /* pocketFinance..xcdatamodeld in Sources */,
				137AC1972A3BE3EB00B1E611 /* openingView.swift in Sources */,
				137AC1A72A3C11CE00B1E611 /* subscriptionsView.swift in Sources */,
				137AC18B2A3BE3B900B1E611 /* ContentView.swift in Sources */,
				137AC1B12A3C127A00B1E611 /* travel.swift in Sources */,
				137AC1AF2A3C127400B1E611 /* clothes.swift in Sources */,
				137AC1A12A3BE4DF00B1E611 /* financeBasics101View.swift in Sources */,
				137AC1A32A3C015000B1E611 /* firstJobView.swift in Sources */,
				137AC19D2A3BE4C600B1E611 /* dailyQuizView.swift in Sources */,
				137AC1992A3BE3F600B1E611 /* secondView.swift in Sources */,
				137AC1AB2A3C126200B1E611 /* food.swift in Sources */,
				137AC1A92A3C11F100B1E611 /* Persistence.swift in Sources */,
				137AC19F2A3BE4D200B1E611 /* creditVsDebitView.swift in Sources */,
				137AC1AD2A3C126E00B1E611 /* entertainment.swift in Sources */,
				137AC1892A3BE3B900B1E611 /* pocketFinance_App.swift in Sources */,
				13A6C0EC2A3CABDD002A0B0C /* budgetView.swift in Sources */,
			);
			runOnlyForDeploymentPostprocessing = 0;
		};
/* End PBXSourcesBuildPhase section */

/* Begin XCBuildConfiguration section */
		137AC1912A3BE3BA00B1E611 /* Debug */ = {
			isa = XCBuildConfiguration;
			buildSettings = {
				ALWAYS_SEARCH_USER_PATHS = NO;
				CLANG_ANALYZER_NONNULL = YES;
				CLANG_ANALYZER_NUMBER_OBJECT_CONVERSION = YES_AGGRESSIVE;
				CLANG_CXX_LANGUAGE_STANDARD = "gnu++20";
				CLANG_ENABLE_MODULES = YES;
				CLANG_ENABLE_OBJC_ARC = YES;
				CLANG_ENABLE_OBJC_WEAK = YES;
				CLANG_WARN_BLOCK_CAPTURE_AUTORELEASING = YES;
				CLANG_WARN_BOOL_CONVERSION = YES;
				CLANG_WARN_COMMA = YES;
				CLANG_WARN_CONSTANT_CONVERSION = YES;
				CLANG_WARN_DEPRECATED_OBJC_IMPLEMENTATIONS = YES;
				CLANG_WARN_DIRECT_OBJC_ISA_USAGE = YES_ERROR;
				CLANG_WARN_DOCUMENTATION_COMMENTS = YES;
				CLANG_WARN_EMPTY_BODY = YES;
				CLANG_WARN_ENUM_CONVERSION = YES;
				CLANG_WARN_INFINITE_RECURSION = YES;
				CLANG_WARN_INT_CONVERSION = YES;
				CLANG_WARN_NON_LITERAL_NULL_CONVERSION = YES;
				CLANG_WARN_OBJC_IMPLICIT_RETAIN_SELF = YES;
				CLANG_WARN_OBJC_LITERAL_CONVERSION = YES;
				CLANG_WARN_OBJC_ROOT_CLASS = YES_ERROR;
				CLANG_WARN_QUOTED_INCLUDE_IN_FRAMEWORK_HEADER = YES;
				CLANG_WARN_RANGE_LOOP_ANALYSIS = YES;
				CLANG_WARN_STRICT_PROTOTYPES = YES;
				CLANG_WARN_SUSPICIOUS_MOVE = YES;
				CLANG_WARN_UNGUARDED_AVAILABILITY = YES_AGGRESSIVE;
				CLANG_WARN_UNREACHABLE_CODE = YES;
				CLANG_WARN__DUPLICATE_METHOD_MATCH = YES;
				COPY_PHASE_STRIP = NO;
				DEBUG_INFORMATION_FORMAT = dwarf;
				ENABLE_STRICT_OBJC_MSGSEND = YES;
				ENABLE_TESTABILITY = YES;
				GCC_C_LANGUAGE_STANDARD = gnu11;
				GCC_DYNAMIC_NO_PIC = NO;
				GCC_NO_COMMON_BLOCKS = YES;
				GCC_OPTIMIZATION_LEVEL = 0;
				GCC_PREPROCESSOR_DEFINITIONS = (
					"DEBUG=1",
					"$(inherited)",
				);
				GCC_WARN_64_TO_32_BIT_CONVERSION = YES;
				GCC_WARN_ABOUT_RETURN_TYPE = YES_ERROR;
				GCC_WARN_UNDECLARED_SELECTOR = YES;
				GCC_WARN_UNINITIALIZED_AUTOS = YES_AGGRESSIVE;
				GCC_WARN_UNUSED_FUNCTION = YES;
				GCC_WARN_UNUSED_VARIABLE = YES;
				IPHONEOS_DEPLOYMENT_TARGET = 16.4;
				MTL_ENABLE_DEBUG_INFO = INCLUDE_SOURCE;
				MTL_FAST_MATH = YES;
				ONLY_ACTIVE_ARCH = YES;
				SDKROOT = iphoneos;
				SWIFT_ACTIVE_COMPILATION_CONDITIONS = DEBUG;
				SWIFT_OPTIMIZATION_LEVEL = "-Onone";
			};
			name = Debug;
		};
		137AC1922A3BE3BA00B1E611 /* Release */ = {
			isa = XCBuildConfiguration;
			buildSettings = {
				ALWAYS_SEARCH_USER_PATHS = NO;
				CLANG_ANALYZER_NONNULL = YES;
				CLANG_ANALYZER_NUMBER_OBJECT_CONVERSION = YES_AGGRESSIVE;
				CLANG_CXX_LANGUAGE_STANDARD = "gnu++20";
				CLANG_ENABLE_MODULES = YES;
				CLANG_ENABLE_OBJC_ARC = YES;
				CLANG_ENABLE_OBJC_WEAK = YES;
				CLANG_WARN_BLOCK_CAPTURE_AUTORELEASING = YES;
				CLANG_WARN_BOOL_CONVERSION = YES;
				CLANG_WARN_COMMA = YES;
				CLANG_WARN_CONSTANT_CONVERSION = YES;
				CLANG_WARN_DEPRECATED_OBJC_IMPLEMENTATIONS = YES;
				CLANG_WARN_DIRECT_OBJC_ISA_USAGE = YES_ERROR;
				CLANG_WARN_DOCUMENTATION_COMMENTS = YES;
				CLANG_WARN_EMPTY_BODY = YES;
				CLANG_WARN_ENUM_CONVERSION = YES;
				CLANG_WARN_INFINITE_RECURSION = YES;
				CLANG_WARN_INT_CONVERSION = YES;
				CLANG_WARN_NON_LITERAL_NULL_CONVERSION = YES;
				CLANG_WARN_OBJC_IMPLICIT_RETAIN_SELF = YES;
				CLANG_WARN_OBJC_LITERAL_CONVERSION = YES;
				CLANG_WARN_OBJC_ROOT_CLASS = YES_ERROR;
				CLANG_WARN_QUOTED_INCLUDE_IN_FRAMEWORK_HEADER = YES;
				CLANG_WARN_RANGE_LOOP_ANALYSIS = YES;
				CLANG_WARN_STRICT_PROTOTYPES = YES;
				CLANG_WARN_SUSPICIOUS_MOVE = YES;
				CLANG_WARN_UNGUARDED_AVAILABILITY = YES_AGGRESSIVE;
				CLANG_WARN_UNREACHABLE_CODE = YES;
				CLANG_WARN__DUPLICATE_METHOD_MATCH = YES;
				COPY_PHASE_STRIP = NO;
				DEBUG_INFORMATION_FORMAT = "dwarf-with-dsym";
				ENABLE_NS_ASSERTIONS = NO;
				ENABLE_STRICT_OBJC_MSGSEND = YES;
				GCC_C_LANGUAGE_STANDARD = gnu11;
				GCC_NO_COMMON_BLOCKS = YES;
				GCC_WARN_64_TO_32_BIT_CONVERSION = YES;
				GCC_WARN_ABOUT_RETURN_TYPE = YES_ERROR;
				GCC_WARN_UNDECLARED_SELECTOR = YES;
				GCC_WARN_UNINITIALIZED_AUTOS = YES_AGGRESSIVE;
				GCC_WARN_UNUSED_FUNCTION = YES;
				GCC_WARN_UNUSED_VARIABLE = YES;
				IPHONEOS_DEPLOYMENT_TARGET = 16.4;
				MTL_ENABLE_DEBUG_INFO = NO;
				MTL_FAST_MATH = YES;
				SDKROOT = iphoneos;
				SWIFT_COMPILATION_MODE = wholemodule;
				SWIFT_OPTIMIZATION_LEVEL = "-O";
				VALIDATE_PRODUCT = YES;
			};
			name = Release;
		};
		137AC1942A3BE3BA00B1E611 /* Debug */ = {
			isa = XCBuildConfiguration;
			buildSettings = {
				ASSETCATALOG_COMPILER_APPICON_NAME = AppIcon;
				ASSETCATALOG_COMPILER_GLOBAL_ACCENT_COLOR_NAME = AccentColor;
				CODE_SIGN_STYLE = Automatic;
				CURRENT_PROJECT_VERSION = 1;
				DEVELOPMENT_ASSET_PATHS = "\"pocketFinance./Preview Content\"";
				DEVELOPMENT_TEAM = 7H8992XYR8;
				ENABLE_PREVIEWS = YES;
				GENERATE_INFOPLIST_FILE = YES;
				INFOPLIST_KEY_UIApplicationSceneManifest_Generation = YES;
				INFOPLIST_KEY_UIApplicationSupportsIndirectInputEvents = YES;
				INFOPLIST_KEY_UILaunchScreen_Generation = YES;
				INFOPLIST_KEY_UISupportedInterfaceOrientations_iPad = "UIInterfaceOrientationPortrait UIInterfaceOrientationPortraitUpsideDown UIInterfaceOrientationLandscapeLeft UIInterfaceOrientationLandscapeRight";
				INFOPLIST_KEY_UISupportedInterfaceOrientations_iPhone = "UIInterfaceOrientationPortrait UIInterfaceOrientationLandscapeLeft UIInterfaceOrientationLandscapeRight";
				LD_RUNPATH_SEARCH_PATHS = (
					"$(inherited)",
					"@executable_path/Frameworks",
				);
				MARKETING_VERSION = 1.0;
				PRODUCT_BUNDLE_IDENTIFIER = "kwk.pocketFinance-";
				PRODUCT_NAME = "$(TARGET_NAME)";
				SWIFT_EMIT_LOC_STRINGS = YES;
				SWIFT_VERSION = 5.0;
				TARGETED_DEVICE_FAMILY = "1,2";
			};
			name = Debug;
		};
		137AC1952A3BE3BA00B1E611 /* Release */ = {
			isa = XCBuildConfiguration;
			buildSettings = {
				ASSETCATALOG_COMPILER_APPICON_NAME = AppIcon;
				ASSETCATALOG_COMPILER_GLOBAL_ACCENT_COLOR_NAME = AccentColor;
				CODE_SIGN_STYLE = Automatic;
				CURRENT_PROJECT_VERSION = 1;
				DEVELOPMENT_ASSET_PATHS = "\"pocketFinance./Preview Content\"";
				DEVELOPMENT_TEAM = 7H8992XYR8;
				ENABLE_PREVIEWS = YES;
				GENERATE_INFOPLIST_FILE = YES;
				INFOPLIST_KEY_UIApplicationSceneManifest_Generation = YES;
				INFOPLIST_KEY_UIApplicationSupportsIndirectInputEvents = YES;
				INFOPLIST_KEY_UILaunchScreen_Generation = YES;
				INFOPLIST_KEY_UISupportedInterfaceOrientations_iPad = "UIInterfaceOrientationPortrait UIInterfaceOrientationPortraitUpsideDown UIInterfaceOrientationLandscapeLeft UIInterfaceOrientationLandscapeRight";
				INFOPLIST_KEY_UISupportedInterfaceOrientations_iPhone = "UIInterfaceOrientationPortrait UIInterfaceOrientationLandscapeLeft UIInterfaceOrientationLandscapeRight";
				LD_RUNPATH_SEARCH_PATHS = (
					"$(inherited)",
					"@executable_path/Frameworks",
				);
				MARKETING_VERSION = 1.0;
				PRODUCT_BUNDLE_IDENTIFIER = "kwk.pocketFinance-";
				PRODUCT_NAME = "$(TARGET_NAME)";
				SWIFT_EMIT_LOC_STRINGS = YES;
				SWIFT_VERSION = 5.0;
				TARGETED_DEVICE_FAMILY = "1,2";
			};
			name = Release;
		};
/* End XCBuildConfiguration section */

/* Begin XCConfigurationList section */
		137AC1802A3BE3B900B1E611 /* Build configuration list for PBXProject "pocketFinance." */ = {
			isa = XCConfigurationList;
			buildConfigurations = (
				137AC1912A3BE3BA00B1E611 /* Debug */,
				137AC1922A3BE3BA00B1E611 /* Release */,
			);
			defaultConfigurationIsVisible = 0;
			defaultConfigurationName = Release;
		};
		137AC1932A3BE3BA00B1E611 /* Build configuration list for PBXNativeTarget "pocketFinance." */ = {
			isa = XCConfigurationList;
			buildConfigurations = (
				137AC1942A3BE3BA00B1E611 /* Debug */,
				137AC1952A3BE3BA00B1E611 /* Release */,
			);
			defaultConfigurationIsVisible = 0;
			defaultConfigurationName = Release;
		};
/* End XCConfigurationList section */

/* Begin XCVersionGroup section */
		137AC1B22A3C140C00B1E611 /* pocketFinance..xcdatamodeld */ = {
			isa = XCVersionGroup;
			children = (
				137AC1B32A3C140C00B1E611 /* pocketFinance..xcdatamodel */,
			);
			currentVersion = 137AC1B32A3C140C00B1E611 /* pocketFinance..xcdatamodel */;
			path = pocketFinance..xcdatamodeld;
			sourceTree = "<group>";
			versionGroupType = wrapper.xcdatamodel;
		};
/* End XCVersionGroup section */
	};
	rootObject = 137AC17D2A3BE3B900B1E611 /* Project object */;
}
